PODS:
  - connectivity_plus (0.0.1):
    - Flutter
    - FlutterMacOS
  - datadog_flutter_plugin (0.0.1):
    - DatadogCore (~> 2)
    - DatadogCrashReporting (~> 2)
    - DatadogInternal (~> 2)
    - DatadogLogs (~> 2)
    - DatadogRUM (~> 2)
    - DictionaryCoder (= 1.0.8)
    - Flutter
  - datadog_webview_tracking (0.0.1):
    - DatadogWebViewTracking (~> 2)
    - Flutter
    - webview_flutter_wkwebview
  - DatadogCore (2.22.0):
    - DatadogInternal (= 2.22.0)
  - DatadogCrashReporting (2.22.0):
    - DatadogInternal (= 2.22.0)
    - PLCrashReporter (~> 1.11.2)
  - DatadogInternal (2.22.0)
  - DatadogLogs (2.22.0):
    - DatadogInternal (= 2.22.0)
  - DatadogRUM (2.22.0):
    - DatadogInternal (= 2.22.0)
  - DatadogWebViewTracking (2.22.0):
    - DatadogInternal (= 2.22.0)
  - DictionaryCoder (1.0.8)
  - Flutter (1.0.0)
  - path_provider_foundation (0.0.1):
    - Flutter
    - FlutterMacOS
  - PLCrashReporter (1.11.2)
  - webview_flutter_wkwebview (0.0.1):
    - Flutter
    - FlutterMacOS

DEPENDENCIES:
  - connectivity_plus (from `.symlinks/plugins/connectivity_plus/darwin`)
  - datadog_flutter_plugin (from `.symlinks/plugins/datadog_flutter_plugin/ios`)
  - datadog_webview_tracking (from `.symlinks/plugins/datadog_webview_tracking/ios`)
  - Flutter (from `Flutter`)
  - path_provider_foundation (from `.symlinks/plugins/path_provider_foundation/darwin`)
  - webview_flutter_wkwebview (from `.symlinks/plugins/webview_flutter_wkwebview/darwin`)

SPEC REPOS:
  trunk:
    - DatadogCore
    - DatadogCrashReporting
    - DatadogInternal
    - DatadogLogs
    - DatadogRUM
    - DatadogWebViewTracking
    - DictionaryCoder
    - PLCrashReporter

EXTERNAL SOURCES:
  connectivity_plus:
    :path: ".symlinks/plugins/connectivity_plus/darwin"
  datadog_flutter_plugin:
    :path: ".symlinks/plugins/datadog_flutter_plugin/ios"
  datadog_webview_tracking:
    :path: ".symlinks/plugins/datadog_webview_tracking/ios"
  Flutter:
    :path: Flutter
  path_provider_foundation:
    :path: ".symlinks/plugins/path_provider_foundation/darwin"
  webview_flutter_wkwebview:
    :path: ".symlinks/plugins/webview_flutter_wkwebview/darwin"

SPEC CHECKSUMS:
  connectivity_plus: 18382e7311ba19efcaee94442b23b32507b20695
  datadog_flutter_plugin: de391eba42569ec1d8282aa1c49b4172603acc90
  datadog_webview_tracking: 7de2f94cb36dbb00203468d941e89ec7cbc47226
  DatadogCore: ac232fee1427f4082895d73479aadc39bf143789
  DatadogCrashReporting: f6f56f405f8f2ab9478be290a1e561861a18578f
  DatadogInternal: 2c9770cd4bb66636f2c1578f4cfbc5984e032e2d
  DatadogLogs: 397a79884d4dff82cf3d1a35b3e61e9ab4b03cf4
  DatadogRUM: 9f23460eb44e2bd2f2fe5e4db9d205dcdd0ef865
  DatadogWebViewTracking: 2191682c6af12d86c093ceb3a20a886708bfeb4f
  DictionaryCoder: 5f84fff69f54cb806071538430bdafe04a89d658
  Flutter: e0871f40cf51350855a761d2e70bf5af5b9b5de7
  path_provider_foundation: 2b6b4c569c0fb62ec74538f866245ac84301af46
  PLCrashReporter: 499c53b0104f95c302d94fd723ebb03c56d9bac8
  webview_flutter_wkwebview: 0982481e3d9c78fd5c6f62a002fcd24fc791f1e4

PODFILE CHECKSUM: 4e8f8b2be68aeea4c0d5beb6ff1e79fface1d048

COCOAPODS: 1.15.2
